
Microsoft Visual Studio Solution File, Format Version 12.00
# Visual Studio 2013
VisualStudioVersion = 12.0.31101.0
MinimumVisualStudioVersion = 10.0.40219.1
Project("{FAE04EC0-301F-11D3-BF4B-00C04F79EFBC}") = "GameOfLife", "GameOfLife\GameOfLife.csproj", "{C07D56A3-8E9F-4D76-A5CB-040569593EF3}"
EndProject
Project("{FAE04EC0-301F-11D3-BF4B-00C04F79EFBC}") = "Quine", "Quine\Quine.csproj", "{4C49B1BC-B4D2-4569-BD78-D70AA6417332}"
EndProject
Project("{FAE04EC0-301F-11D3-BF4B-00C04F79EFBC}") = "AdventOfCode2016", "AdventOfCode2016\AdventOfCode2016.csproj", "{CFB9FD51-0CA1-44EF-8A7A-EC4850B69E05}"
EndProject
Global
	GlobalSection(SolutionConfigurationPlatforms) = preSolution
		Debug|Any CPU = Debug|Any CPU
		Release|Any CPU = Release|Any CPU
	EndGlobalSection
	GlobalSection(ProjectConfigurationPlatforms) = postSolution
		{C07D56A3-8E9F-4D76-A5CB-040569593EF3}.Debug|Any CPU.ActiveCfg = Debug|Any CPU
		{C07D56A3-8E9F-4D76-A5CB-040569593EF3}.Debug|Any CPU.Build.0 = Debug|Any CPU
		{C07D56A3-8E9F-4D76-A5CB-040569593EF3}.Release|Any CPU.ActiveCfg = Release|Any CPU
		{C07D56A3-8E9F-4D76-A5CB-040569593EF3}.Release|Any CPU.Build.0 = Release|Any CPU
		{4C49B1BC-B4D2-4569-BD78-D70AA6417332}.Debug|Any CPU.ActiveCfg = Debug|Any CPU
		{4C49B1BC-B4D2-4569-BD78-D70AA6417332}.Debug|Any CPU.Build.0 = Debug|Any CPU
		{4C49B1BC-B4D2-4569-BD78-D70AA6417332}.Release|Any CPU.ActiveCfg = Release|Any CPU
		{4C49B1BC-B4D2-4569-BD78-D70AA6417332}.Release|Any CPU.Build.0 = Release|Any CPU
		{CFB9FD51-0CA1-44EF-8A7A-EC4850B69E05}.Debug|Any CPU.ActiveCfg = Debug|Any CPU
		{CFB9FD51-0CA1-44EF-8A7A-EC4850B69E05}.Debug|Any CPU.Build.0 = Debug|Any CPU
		{CFB9FD51-0CA1-44EF-8A7A-EC4850B69E05}.Release|Any CPU.ActiveCfg = Release|Any CPU
		{CFB9FD51-0CA1-44EF-8A7A-EC4850B69E05}.Release|Any CPU.Build.0 = Release|Any CPU
	EndGlobalSection
	GlobalSection(SolutionProperties) = preSolution
		HideSolutionNode = FALSE
	EndGlobalSection
EndGlobal
